
Microsoft Visual Studio Solution File, Format Version 12.00
# Visual Studio 15
VisualStudioVersion = 15.0.28307.271
MinimumVisualStudioVersion = 10.0.40219.1
Project("{FAE04EC0-301F-11D3-BF4B-00C04F79EFBC}") = "Lands.Android", "Lands\Lands.Android\Lands.Android.csproj", "{615CD003-4FB3-4026-8BA1-291A49C2E3BB}"
EndProject
Project("{FAE04EC0-301F-11D3-BF4B-00C04F79EFBC}") = "Lands.iOS", "Lands\Lands.iOS\Lands.iOS.csproj", "{E8535931-16FF-490D-B261-810E93D77483}"
EndProject
Project("{FAE04EC0-301F-11D3-BF4B-00C04F79EFBC}") = "Lands", "Lands\Lands\Lands.csproj", "{B90BDD31-C4C9-48F5-A5B2-6B5C8910DB83}"
EndProject
Global
	GlobalSection(SolutionConfigurationPlatforms) = preSolution
		Ad-Hoc|Any CPU = Ad-Hoc|Any CPU
		Ad-Hoc|iPhone = Ad-Hoc|iPhone
		Ad-Hoc|iPhoneSimulator = Ad-Hoc|iPhoneSimulator
		AppStore|Any CPU = AppStore|Any CPU
		AppStore|iPhone = AppStore|iPhone
		AppStore|iPhoneSimulator = AppStore|iPhoneSimulator
		Debug|Any CPU = Debug|Any CPU
		Debug|iPhone = Debug|iPhone
		Debug|iPhoneSimulator = Debug|iPhoneSimulator
		Release|Any CPU = Release|Any CPU
		Release|iPhone = Release|iPhone
		Release|iPhoneSimulator = Release|iPhoneSimulator
	EndGlobalSection
	GlobalSection(ProjectConfigurationPlatforms) = postSolution
		{615CD003-4FB3-4026-8BA1-291A49C2E3BB}.Ad-Hoc|Any CPU.ActiveCfg = Release|Any CPU
		{615CD003-4FB3-4026-8BA1-291A49C2E3BB}.Ad-Hoc|Any CPU.Build.0 = Release|Any CPU
		{615CD003-4FB3-4026-8BA1-291A49C2E3BB}.Ad-Hoc|Any CPU.Deploy.0 = Release|Any CPU
		{615CD003-4FB3-4026-8BA1-291A49C2E3BB}.Ad-Hoc|iPhone.ActiveCfg = Release|Any CPU
		{615CD003-4FB3-4026-8BA1-291A49C2E3BB}.Ad-Hoc|iPhone.Build.0 = Release|Any CPU
		{615CD003-4FB3-4026-8BA1-291A49C2E3BB}.Ad-Hoc|iPhone.Deploy.0 = Release|Any CPU
		{615CD003-4FB3-4026-8BA1-291A49C2E3BB}.Ad-Hoc|iPhoneSimulator.ActiveCfg = Release|Any CPU
		{615CD003-4FB3-4026-8BA1-291A49C2E3BB}.Ad-Hoc|iPhoneSimulator.Build.0 = Release|Any CPU
		{615CD003-4FB3-4026-8BA1-291A49C2E3BB}.Ad-Hoc|iPhoneSimulator.Deploy.0 = Release|Any CPU
		{615CD003-4FB3-4026-8BA1-291A49C2E3BB}.AppStore|Any CPU.ActiveCfg = Release|Any CPU
		{615CD003-4FB3-4026-8BA1-291A49C2E3BB}.AppStore|Any CPU.Build.0 = Release|Any CPU
		{615CD003-4FB3-4026-8BA1-291A49C2E3BB}.AppStore|Any CPU.Deploy.0 = Release|Any CPU
		{615CD003-4FB3-4026-8BA1-291A49C2E3BB}.AppStore|iPhone.ActiveCfg = Release|Any CPU
		{615CD003-4FB3-4026-8BA1-291A49C2E3BB}.AppStore|iPhone.Build.0 = Release|Any CPU
		{615CD003-4FB3-4026-8BA1-291A49C2E3BB}.AppStore|iPhone.Deploy.0 = Release|Any CPU
		{615CD003-4FB3-4026-8BA1-291A49C2E3BB}.AppStore|iPhoneSimulator.ActiveCfg = Release|Any CPU
		{615CD003-4FB3-4026-8BA1-291A49C2E3BB}.AppStore|iPhoneSimulator.Build.0 = Release|Any CPU
		{615CD003-4FB3-4026-8BA1-291A49C2E3BB}.AppStore|iPhoneSimulator.Deploy.0 = Release|Any CPU
		{615CD003-4FB3-4026-8BA1-291A49C2E3BB}.Debug|Any CPU.ActiveCfg = Debug|Any CPU
		{615CD003-4FB3-4026-8BA1-291A49C2E3BB}.Debug|Any CPU.Build.0 = Debug|Any CPU
		{615CD003-4FB3-4026-8BA1-291A49C2E3BB}.Debug|Any CPU.Deploy.0 = Debug|Any CPU
		{615CD003-4FB3-4026-8BA1-291A49C2E3BB}.Debug|iPhone.ActiveCfg = Debug|Any CPU
		{615CD003-4FB3-4026-8BA1-291A49C2E3BB}.Debug|iPhone.Build.0 = Debug|Any CPU
		{615CD003-4FB3-4026-8BA1-291A49C2E3BB}.Debug|iPhone.Deploy.0 = Debug|Any CPU
		{615CD003-4FB3-4026-8BA1-291A49C2E3BB}.Debug|iPhoneSimulator.ActiveCfg = Debug|Any CPU
		{615CD003-4FB3-4026-8BA1-291A49C2E3BB}.Debug|iPhoneSimulator.Build.0 = Debug|Any CPU
		{615CD003-4FB3-4026-8BA1-291A49C2E3BB}.Debug|iPhoneSimulator.Deploy.0 = Debug|Any CPU
		{615CD003-4FB3-4026-8BA1-291A49C2E3BB}.Release|Any CPU.ActiveCfg = Release|Any CPU
		{615CD003-4FB3-4026-8BA1-291A49C2E3BB}.Release|Any CPU.Build.0 = Release|Any CPU
		{615CD003-4FB3-4026-8BA1-291A49C2E3BB}.Release|Any CPU.Deploy.0 = Release|Any CPU
		{615CD003-4FB3-4026-8BA1-291A49C2E3BB}.Release|iPhone.ActiveCfg = Release|Any CPU
		{615CD003-4FB3-4026-8BA1-291A49C2E3BB}.Release|iPhone.Build.0 = Release|Any CPU
		{615CD003-4FB3-4026-8BA1-291A49C2E3BB}.Release|iPhone.Deploy.0 = Release|Any CPU
		{615CD003-4FB3-4026-8BA1-291A49C2E3BB}.Release|iPhoneSimulator.ActiveCfg = Release|Any CPU
		{615CD003-4FB3-4026-8BA1-291A49C2E3BB}.Release|iPhoneSimulator.Build.0 = Release|Any CPU
		{615CD003-4FB3-4026-8BA1-291A49C2E3BB}.Release|iPhoneSimulator.Deploy.0 = Release|Any CPU
		{E8535931-16FF-490D-B261-810E93D77483}.Ad-Hoc|Any CPU.ActiveCfg = Ad-Hoc|iPhone
		{E8535931-16FF-490D-B261-810E93D77483}.Ad-Hoc|Any CPU.Build.0 = Ad-Hoc|iPhone
		{E8535931-16FF-490D-B261-810E93D77483}.Ad-Hoc|Any CPU.Deploy.0 = Ad-Hoc|iPhone
		{E8535931-16FF-490D-B261-810E93D77483}.Ad-Hoc|iPhone.ActiveCfg = Ad-Hoc|iPhone
		{E8535931-16FF-490D-B261-810E93D77483}.Ad-Hoc|iPhone.Build.0 = Ad-Hoc|iPhone
		{E8535931-16FF-490D-B261-810E93D77483}.Ad-Hoc|iPhone.Deploy.0 = Ad-Hoc|iPhone
		{E8535931-16FF-490D-B261-810E93D77483}.Ad-Hoc|iPhoneSimulator.ActiveCfg = Ad-Hoc|iPhoneSimulator
		{E8535931-16FF-490D-B261-810E93D77483}.Ad-Hoc|iPhoneSimulator.Build.0 = Ad-Hoc|iPhoneSimulator
		{E8535931-16FF-490D-B261-810E93D77483}.Ad-Hoc|iPhoneSimulator.Deploy.0 = Ad-Hoc|iPhoneSimulator
		{E8535931-16FF-490D-B261-810E93D77483}.AppStore|Any CPU.ActiveCfg = AppStore|iPhone
		{E8535931-16FF-490D-B261-810E93D77483}.AppStore|Any CPU.Build.0 = AppStore|iPhone
		{E8535931-16FF-490D-B261-810E93D77483}.AppStore|Any CPU.Deploy.0 = AppStore|iPhone
		{E8535931-16FF-490D-B261-810E93D77483}.AppStore|iPhone.ActiveCfg = AppStore|iPhone
		{E8535931-16FF-490D-B261-810E93D77483}.AppStore|iPhone.Build.0 = AppStore|iPhone
		{E8535931-16FF-490D-B261-810E93D77483}.AppStore|iPhone.Deploy.0 = AppStore|iPhone
		{E8535931-16FF-490D-B261-810E93D77483}.AppStore|iPhoneSimulator.ActiveCfg = AppStore|iPhoneSimulator
		{E8535931-16FF-490D-B261-810E93D77483}.AppStore|iPhoneSimulator.Build.0 = AppStore|iPhoneSimulator
		{E8535931-16FF-490D-B261-810E93D77483}.AppStore|iPhoneSimulator.Deploy.0 = AppStore|iPhoneSimulator
		{E8535931-16FF-490D-B261-810E93D77483}.Debug|Any CPU.ActiveCfg = Debug|iPhoneSimulator
		{E8535931-16FF-490D-B261-810E93D77483}.Debug|Any CPU.Build.0 = Debug|iPhoneSimulator
		{E8535931-16FF-490D-B261-810E93D77483}.Debug|Any CPU.Deploy.0 = Debug|iPhoneSimulator
		{E8535931-16FF-490D-B261-810E93D77483}.Debug|iPhone.ActiveCfg = Debug|iPhone
		{E8535931-16FF-490D-B261-810E93D77483}.Debug|iPhone.Build.0 = Debug|iPhone
		{E8535931-16FF-490D-B261-810E93D77483}.Debug|iPhone.Deploy.0 = Debug|iPhone
		{E8535931-16FF-490D-B261-810E93D77483}.Debug|iPhoneSimulator.ActiveCfg = Debug|iPhoneSimulator
		{E8535931-16FF-490D-B261-810E93D77483}.Debug|iPhoneSimulator.Build.0 = Debug|iPhoneSimulator
		{E8535931-16FF-490D-B261-810E93D77483}.Debug|iPhoneSimulator.Deploy.0 = Debug|iPhoneSimulator
		{E8535931-16FF-490D-B261-810E93D77483}.Release|Any CPU.ActiveCfg = Release|iPhone
		{E8535931-16FF-490D-B261-810E93D77483}.Release|Any CPU.Build.0 = Release|iPhone
		{E8535931-16FF-490D-B261-810E93D77483}.Release|Any CPU.Deploy.0 = Release|iPhone
		{E8535931-16FF-490D-B261-810E93D77483}.Release|iPhone.ActiveCfg = Release|iPhone
		{E8535931-16FF-490D-B261-810E93D77483}.Release|iPhone.Build.0 = Release|iPhone
		{E8535931-16FF-490D-B261-810E93D77483}.Release|iPhone.Deploy.0 = Release|iPhone
		{E8535931-16FF-490D-B261-810E93D77483}.Release|iPhoneSimulator.ActiveCfg = Release|iPhoneSimulator
		{E8535931-16FF-490D-B261-810E93D77483}.Release|iPhoneSimulator.Build.0 = Release|iPhoneSimulator
		{E8535931-16FF-490D-B261-810E93D77483}.Release|iPhoneSimulator.Deploy.0 = Release|iPhoneSimulator
		{B90BDD31-C4C9-48F5-A5B2-6B5C8910DB83}.Ad-Hoc|Any CPU.ActiveCfg = Debug|Any CPU
		{B90BDD31-C4C9-48F5-A5B2-6B5C8910DB83}.Ad-Hoc|Any CPU.Build.0 = Debug|Any CPU
		{B90BDD31-C4C9-48F5-A5B2-6B5C8910DB83}.Ad-Hoc|Any CPU.Deploy.0 = Debug|Any CPU
		{B90BDD31-C4C9-48F5-A5B2-6B5C8910DB83}.Ad-Hoc|iPhone.ActiveCfg = Debug|Any CPU
		{B90BDD31-C4C9-48F5-A5B2-6B5C8910DB83}.Ad-Hoc|iPhone.Build.0 = Debug|Any CPU
		{B90BDD31-C4C9-48F5-A5B2-6B5C8910DB83}.Ad-Hoc|iPhone.Deploy.0 = Debug|Any CPU
		{B90BDD31-C4C9-48F5-A5B2-6B5C8910DB83}.Ad-Hoc|iPhoneSimulator.ActiveCfg = Debug|Any CPU
		{B90BDD31-C4C9-48F5-A5B2-6B5C8910DB83}.Ad-Hoc|iPhoneSimulator.Build.0 = Debug|Any CPU
		{B90BDD31-C4C9-48F5-A5B2-6B5C8910DB83}.Ad-Hoc|iPhoneSimulator.Deploy.0 = Debug|Any CPU
		{B90BDD31-C4C9-48F5-A5B2-6B5C8910DB83}.AppStore|Any CPU.ActiveCfg = Debug|Any CPU
		{B90BDD31-C4C9-48F5-A5B2-6B5C8910DB83}.AppStore|Any CPU.Build.0 = Debug|Any CPU
		{B90BDD31-C4C9-48F5-A5B2-6B5C8910DB83}.AppStore|Any CPU.Deploy.0 = Debug|Any CPU
		{B90BDD31-C4C9-48F5-A5B2-6B5C8910DB83}.AppStore|iPhone.ActiveCfg = Debug|Any CPU
		{B90BDD31-C4C9-48F5-A5B2-6B5C8910DB83}.AppStore|iPhone.Build.0 = Debug|Any CPU
		{B90BDD31-C4C9-48F5-A5B2-6B5C8910DB83}.AppStore|iPhone.Deploy.0 = Debug|Any CPU
		{B90BDD31-C4C9-48F5-A5B2-6B5C8910DB83}.AppStore|iPhoneSimulator.ActiveCfg = Debug|Any CPU
		{B90BDD31-C4C9-48F5-A5B2-6B5C8910DB83}.AppStore|iPhoneSimulator.Build.0 = Debug|Any CPU
		{B90BDD31-C4C9-48F5-A5B2-6B5C8910DB83}.AppStore|iPhoneSimulator.Deploy.0 = Debug|Any CPU
		{B90BDD31-C4C9-48F5-A5B2-6B5C8910DB83}.Debug|Any CPU.ActiveCfg = Debug|Any CPU
		{B90BDD31-C4C9-48F5-A5B2-6B5C8910DB83}.Debug|Any CPU.Build.0 = Debug|Any CPU
		{B90BDD31-C4C9-48F5-A5B2-6B5C8910DB83}.Debug|Any CPU.Deploy.0 = Debug|Any CPU
		{B90BDD31-C4C9-48F5-A5B2-6B5C8910DB83}.Debug|iPhone.ActiveCfg = Debug|Any CPU
		{B90BDD31-C4C9-48F5-A5B2-6B5C8910DB83}.Debug|iPhone.Build.0 = Debug|Any CPU
		{B90BDD31-C4C9-48F5-A5B2-6B5C8910DB83}.Debug|iPhone.Deploy.0 = Debug|Any CPU
		{B90BDD31-C4C9-48F5-A5B2-6B5C8910DB83}.Debug|iPhoneSimulator.ActiveCfg = Debug|Any CPU
		{B90BDD31-C4C9-48F5-A5B2-6B5C8910DB83}.Debug|iPhoneSimulator.Build.0 = Debug|Any CPU
		{B90BDD31-C4C9-48F5-A5B2-6B5C8910DB83}.Debug|iPhoneSimulator.Deploy.0 = Debug|Any CPU
		{B90BDD31-C4C9-48F5-A5B2-6B5C8910DB83}.Release|Any CPU.ActiveCfg = Release|Any CPU
		{B90BDD31-C4C9-48F5-A5B2-6B5C8910DB83}.Release|Any CPU.Build.0 = Release|Any CPU
		{B90BDD31-C4C9-48F5-A5B2-6B5C8910DB83}.Release|Any CPU.Deploy.0 = Release|Any CPU
		{B90BDD31-C4C9-48F5-A5B2-6B5C8910DB83}.Release|iPhone.ActiveCfg = Release|Any CPU
		{B90BDD31-C4C9-48F5-A5B2-6B5C8910DB83}.Release|iPhone.Build.0 = Release|Any CPU
		{B90BDD31-C4C9-48F5-A5B2-6B5C8910DB83}.Release|iPhone.Deploy.0 = Release|Any CPU
		{B90BDD31-C4C9-48F5-A5B2-6B5C8910DB83}.Release|iPhoneSimulator.ActiveCfg = Release|Any CPU
		{B90BDD31-C4C9-48F5-A5B2-6B5C8910DB83}.Release|iPhoneSimulator.Build.0 = Release|Any CPU
		{B90BDD31-C4C9-48F5-A5B2-6B5C8910DB83}.Release|iPhoneSimulator.Deploy.0 = Release|Any CPU
	EndGlobalSection
	GlobalSection(SolutionProperties) = preSolution
		HideSolutionNode = FALSE
	EndGlobalSection
	GlobalSection(ExtensibilityGlobals) = postSolution
		SolutionGuid = {1937FBD4-95E6-4DFE-AB41-B23EA85B4A8F}
	EndGlobalSection
EndGlobal
